
Microsoft Visual Studio Solution File, Format Version 12.00
# Visual Studio Version 16
VisualStudioVersion = 16.0.31019.35
MinimumVisualStudioVersion = 10.0.40219.1
Project("{FAE04EC0-301F-11D3-BF4B-00C04F79EFBC}") = "kelompok-9-project", "kelompok-9-project\kelompok-9-project.csproj", "{7A2CD1FB-BAF2-450B-8BEC-CE99858A5FD7}"
EndProject
Global
	GlobalSection(SolutionConfigurationPlatforms) = preSolution
		Debug|Any CPU = Debug|Any CPU
		Release|Any CPU = Release|Any CPU
	EndGlobalSection
	GlobalSection(ProjectConfigurationPlatforms) = postSolution
		{7A2CD1FB-BAF2-450B-8BEC-CE99858A5FD7}.Debug|Any CPU.ActiveCfg = Debug|Any CPU
		{7A2CD1FB-BAF2-450B-8BEC-CE99858A5FD7}.Debug|Any CPU.Build.0 = Debug|Any CPU
		{7A2CD1FB-BAF2-450B-8BEC-CE99858A5FD7}.Release|Any CPU.ActiveCfg = Release|Any CPU
		{7A2CD1FB-BAF2-450B-8BEC-CE99858A5FD7}.Release|Any CPU.Build.0 = Release|Any CPU
	EndGlobalSection
	GlobalSection(SolutionProperties) = preSolution
		HideSolutionNode = FALSE
	EndGlobalSection
	GlobalSection(ExtensibilityGlobals) = postSolution
		SolutionGuid = {70EE9E35-DFAC-4EDD-8FCF-C851D595BA1C}
	EndGlobalSection
EndGlobal
